
Microsoft Visual Studio Solution File, Format Version 12.00
# Visual Studio Version 17
VisualStudioVersion = 17.4.33213.308
MinimumVisualStudioVersion = 10.0.40219.1
Project("{FAE04EC0-301F-11D3-BF4B-00C04F79EFBC}") = "login", "login\login.csproj", "{278C70A2-C58E-48B4-ABBC-D3FB1F97EE66}"
EndProject
Global
	GlobalSection(SolutionConfigurationPlatforms) = preSolution
		Debug|Any CPU = Debug|Any CPU
		Release|Any CPU = Release|Any CPU
	EndGlobalSection
	GlobalSection(ProjectConfigurationPlatforms) = postSolution
		{278C70A2-C58E-48B4-ABBC-D3FB1F97EE66}.Debug|Any CPU.ActiveCfg = Debug|Any CPU
		{278C70A2-C58E-48B4-ABBC-D3FB1F97EE66}.Debug|Any CPU.Build.0 = Debug|Any CPU
		{278C70A2-C58E-48B4-ABBC-D3FB1F97EE66}.Release|Any CPU.ActiveCfg = Release|Any CPU
		{278C70A2-C58E-48B4-ABBC-D3FB1F97EE66}.Release|Any CPU.Build.0 = Release|Any CPU
	EndGlobalSection
	GlobalSection(SolutionProperties) = preSolution
		HideSolutionNode = FALSE
	EndGlobalSection
	GlobalSection(ExtensibilityGlobals) = postSolution
		SolutionGuid = {2EEB60DD-4520-4F53-AB66-44DA5142DC68}
	EndGlobalSection
EndGlobal
